
Microsoft Visual Studio Solution File, Format Version 12.00
# Visual Studio 14
VisualStudioVersion = 14.0.24720.0
MinimumVisualStudioVersion = 10.0.40219.1
Project("{FAE04EC0-301F-11D3-BF4B-00C04F79EFBC}") = "Tornado14Lab.Utils", "Tornado14Lab.Utils\Tornado14Lab.Utils.csproj", "{8F4BBEED-1AE9-47F8-B9CF-57C6AA1264A7}"
EndProject
Project("{FAE04EC0-301F-11D3-BF4B-00C04F79EFBC}") = "GanttChart", "GanttChart\GanttChart.csproj", "{F98F97D5-4F29-4531-AD05-D90F8E84C9AA}"
EndProject
Project("{FAE04EC0-301F-11D3-BF4B-00C04F79EFBC}") = "Tornado14.TrayApp", "Tornado14.TrayApp\Tornado14.TrayApp.csproj", "{7FA7F459-2ADE-45D1-BB81-5DB559F2D0E2}"
EndProject
Project("{FAE04EC0-301F-11D3-BF4B-00C04F79EFBC}") = "Tornado14.Task", "Tornado14.Task\Tornado14.Task.csproj", "{45D49335-F50E-415F-AEEF-786675C6D0C5}"
EndProject
Project("{FAE04EC0-301F-11D3-BF4B-00C04F79EFBC}") = "Tornado14.Tray.SmallExplorer", "Tornado14.Tray.SmallExplorer\Tornado14.Tray.SmallExplorer.csproj", "{5ABC81DE-7225-41EF-B058-55B3FB939D9A}"
EndProject
Project("{FAE04EC0-301F-11D3-BF4B-00C04F79EFBC}") = "Tornado14.Tray.CheckList", "Tornado14.Tray.CheckList\Tornado14.Tray.CheckList.csproj", "{4DB0199C-101F-41BB-BB30-2D7BC8992D78}"
EndProject
Project("{FAE04EC0-301F-11D3-BF4B-00C04F79EFBC}") = "System.Windows.Forms.Calendar", "System.Windows.Forms.Calendar\System.Windows.Forms.Calendar.csproj", "{25649F08-3046-4891-ADB8-7EA787B57063}"
EndProject
Project("{FAE04EC0-301F-11D3-BF4B-00C04F79EFBC}") = "Tornado14.WPFControls", "Tornado14.WPFControls\Tornado14.WPFControls.csproj", "{B0789BB1-F4B6-402E-BA90-B67A86440010}"
EndProject
Project("{FAE04EC0-301F-11D3-BF4B-00C04F79EFBC}") = "ConsoleApplication1", "ConsoleApplication1\ConsoleApplication1.csproj", "{9F6F85D7-48D0-485F-878A-3DDB27F01320}"
EndProject
Project("{FAE04EC0-301F-11D3-BF4B-00C04F79EFBC}") = "Tornado14Lab.TextTransformer", "Tornado14Lab.TextTransformer\Tornado14Lab.TextTransformer.csproj", "{E77BAC61-9586-456F-9C46-90AA09EE9C7D}"
EndProject
Project("{FAE04EC0-301F-11D3-BF4B-00C04F79EFBC}") = "Tornado14Lab.TrayApp.Web", "Tornado14Lab.TrayApp.Web\Tornado14Lab.TrayApp.Web.csproj", "{AB41E080-4AC5-4C66-9F26-7E2CDF455ECB}"
EndProject
Project("{FAE04EC0-301F-11D3-BF4B-00C04F79EFBC}") = "Tornado14Lab.StatusPublisherWeb", "Tornado14Lab.StatusPublisherWeb\Tornado14Lab.StatusPublisherWeb.csproj", "{A949F9E8-FFAC-4EEA-A641-CE3A50CC2816}"
EndProject
Global
	GlobalSection(SolutionConfigurationPlatforms) = preSolution
		Debug|Any CPU = Debug|Any CPU
		Debug|Mixed Platforms = Debug|Mixed Platforms
		Debug|x86 = Debug|x86
		Release|Any CPU = Release|Any CPU
		Release|Mixed Platforms = Release|Mixed Platforms
		Release|x86 = Release|x86
		Signed|Any CPU = Signed|Any CPU
		Signed|Mixed Platforms = Signed|Mixed Platforms
		Signed|x86 = Signed|x86
	EndGlobalSection
	GlobalSection(ProjectConfigurationPlatforms) = postSolution
		{8F4BBEED-1AE9-47F8-B9CF-57C6AA1264A7}.Debug|Any CPU.ActiveCfg = Debug|Any CPU
		{8F4BBEED-1AE9-47F8-B9CF-57C6AA1264A7}.Debug|Any CPU.Build.0 = Debug|Any CPU
		{8F4BBEED-1AE9-47F8-B9CF-57C6AA1264A7}.Debug|Mixed Platforms.ActiveCfg = Debug|Any CPU
		{8F4BBEED-1AE9-47F8-B9CF-57C6AA1264A7}.Debug|Mixed Platforms.Build.0 = Debug|Any CPU
		{8F4BBEED-1AE9-47F8-B9CF-57C6AA1264A7}.Debug|x86.ActiveCfg = Debug|Any CPU
		{8F4BBEED-1AE9-47F8-B9CF-57C6AA1264A7}.Release|Any CPU.ActiveCfg = Release|Any CPU
		{8F4BBEED-1AE9-47F8-B9CF-57C6AA1264A7}.Release|Any CPU.Build.0 = Release|Any CPU
		{8F4BBEED-1AE9-47F8-B9CF-57C6AA1264A7}.Release|Mixed Platforms.ActiveCfg = Release|Any CPU
		{8F4BBEED-1AE9-47F8-B9CF-57C6AA1264A7}.Release|Mixed Platforms.Build.0 = Release|Any CPU
		{8F4BBEED-1AE9-47F8-B9CF-57C6AA1264A7}.Release|x86.ActiveCfg = Release|Any CPU
		{8F4BBEED-1AE9-47F8-B9CF-57C6AA1264A7}.Signed|Any CPU.ActiveCfg = Release|Any CPU
		{8F4BBEED-1AE9-47F8-B9CF-57C6AA1264A7}.Signed|Any CPU.Build.0 = Release|Any CPU
		{8F4BBEED-1AE9-47F8-B9CF-57C6AA1264A7}.Signed|Mixed Platforms.ActiveCfg = Release|Any CPU
		{8F4BBEED-1AE9-47F8-B9CF-57C6AA1264A7}.Signed|Mixed Platforms.Build.0 = Release|Any CPU
		{8F4BBEED-1AE9-47F8-B9CF-57C6AA1264A7}.Signed|x86.ActiveCfg = Release|Any CPU
		{8F4BBEED-1AE9-47F8-B9CF-57C6AA1264A7}.Signed|x86.Build.0 = Release|Any CPU
		{F98F97D5-4F29-4531-AD05-D90F8E84C9AA}.Debug|Any CPU.ActiveCfg = Debug|Any CPU
		{F98F97D5-4F29-4531-AD05-D90F8E84C9AA}.Debug|Any CPU.Build.0 = Debug|Any CPU
		{F98F97D5-4F29-4531-AD05-D90F8E84C9AA}.Debug|Mixed Platforms.ActiveCfg = Debug|Any CPU
		{F98F97D5-4F29-4531-AD05-D90F8E84C9AA}.Debug|Mixed Platforms.Build.0 = Debug|Any CPU
		{F98F97D5-4F29-4531-AD05-D90F8E84C9AA}.Debug|x86.ActiveCfg = Debug|Any CPU
		{F98F97D5-4F29-4531-AD05-D90F8E84C9AA}.Release|Any CPU.ActiveCfg = Release|Any CPU
		{F98F97D5-4F29-4531-AD05-D90F8E84C9AA}.Release|Any CPU.Build.0 = Release|Any CPU
		{F98F97D5-4F29-4531-AD05-D90F8E84C9AA}.Release|Mixed Platforms.ActiveCfg = Release|Any CPU
		{F98F97D5-4F29-4531-AD05-D90F8E84C9AA}.Release|Mixed Platforms.Build.0 = Release|Any CPU
		{F98F97D5-4F29-4531-AD05-D90F8E84C9AA}.Release|x86.ActiveCfg = Release|Any CPU
		{F98F97D5-4F29-4531-AD05-D90F8E84C9AA}.Signed|Any CPU.ActiveCfg = Release|Any CPU
		{F98F97D5-4F29-4531-AD05-D90F8E84C9AA}.Signed|Any CPU.Build.0 = Release|Any CPU
		{F98F97D5-4F29-4531-AD05-D90F8E84C9AA}.Signed|Mixed Platforms.ActiveCfg = Release|Any CPU
		{F98F97D5-4F29-4531-AD05-D90F8E84C9AA}.Signed|Mixed Platforms.Build.0 = Release|Any CPU
		{F98F97D5-4F29-4531-AD05-D90F8E84C9AA}.Signed|x86.ActiveCfg = Release|Any CPU
		{F98F97D5-4F29-4531-AD05-D90F8E84C9AA}.Signed|x86.Build.0 = Release|Any CPU
		{7FA7F459-2ADE-45D1-BB81-5DB559F2D0E2}.Debug|Any CPU.ActiveCfg = Debug|x86
		{7FA7F459-2ADE-45D1-BB81-5DB559F2D0E2}.Debug|Mixed Platforms.ActiveCfg = Debug|x86
		{7FA7F459-2ADE-45D1-BB81-5DB559F2D0E2}.Debug|Mixed Platforms.Build.0 = Debug|x86
		{7FA7F459-2ADE-45D1-BB81-5DB559F2D0E2}.Debug|x86.ActiveCfg = Debug|x86
		{7FA7F459-2ADE-45D1-BB81-5DB559F2D0E2}.Debug|x86.Build.0 = Debug|x86
		{7FA7F459-2ADE-45D1-BB81-5DB559F2D0E2}.Release|Any CPU.ActiveCfg = Release|x86
		{7FA7F459-2ADE-45D1-BB81-5DB559F2D0E2}.Release|Mixed Platforms.ActiveCfg = Release|x86
		{7FA7F459-2ADE-45D1-BB81-5DB559F2D0E2}.Release|Mixed Platforms.Build.0 = Release|x86
		{7FA7F459-2ADE-45D1-BB81-5DB559F2D0E2}.Release|x86.ActiveCfg = Release|x86
		{7FA7F459-2ADE-45D1-BB81-5DB559F2D0E2}.Release|x86.Build.0 = Release|x86
		{7FA7F459-2ADE-45D1-BB81-5DB559F2D0E2}.Signed|Any CPU.ActiveCfg = Release|x86
		{7FA7F459-2ADE-45D1-BB81-5DB559F2D0E2}.Signed|Any CPU.Build.0 = Release|x86
		{7FA7F459-2ADE-45D1-BB81-5DB559F2D0E2}.Signed|Mixed Platforms.ActiveCfg = Release|x86
		{7FA7F459-2ADE-45D1-BB81-5DB559F2D0E2}.Signed|Mixed Platforms.Build.0 = Release|x86
		{7FA7F459-2ADE-45D1-BB81-5DB559F2D0E2}.Signed|x86.ActiveCfg = Release|x86
		{7FA7F459-2ADE-45D1-BB81-5DB559F2D0E2}.Signed|x86.Build.0 = Release|x86
		{45D49335-F50E-415F-AEEF-786675C6D0C5}.Debug|Any CPU.ActiveCfg = Debug|Any CPU
		{45D49335-F50E-415F-AEEF-786675C6D0C5}.Debug|Any CPU.Build.0 = Debug|Any CPU
		{45D49335-F50E-415F-AEEF-786675C6D0C5}.Debug|Mixed Platforms.ActiveCfg = Debug|Any CPU
		{45D49335-F50E-415F-AEEF-786675C6D0C5}.Debug|Mixed Platforms.Build.0 = Debug|Any CPU
		{45D49335-F50E-415F-AEEF-786675C6D0C5}.Debug|x86.ActiveCfg = Debug|Any CPU
		{45D49335-F50E-415F-AEEF-786675C6D0C5}.Release|Any CPU.ActiveCfg = Release|Any CPU
		{45D49335-F50E-415F-AEEF-786675C6D0C5}.Release|Any CPU.Build.0 = Release|Any CPU
		{45D49335-F50E-415F-AEEF-786675C6D0C5}.Release|Mixed Platforms.ActiveCfg = Release|Any CPU
		{45D49335-F50E-415F-AEEF-786675C6D0C5}.Release|Mixed Platforms.Build.0 = Release|Any CPU
		{45D49335-F50E-415F-AEEF-786675C6D0C5}.Release|x86.ActiveCfg = Release|Any CPU
		{45D49335-F50E-415F-AEEF-786675C6D0C5}.Signed|Any CPU.ActiveCfg = Release|Any CPU
		{45D49335-F50E-415F-AEEF-786675C6D0C5}.Signed|Any CPU.Build.0 = Release|Any CPU
		{45D49335-F50E-415F-AEEF-786675C6D0C5}.Signed|Mixed Platforms.ActiveCfg = Release|Any CPU
		{45D49335-F50E-415F-AEEF-786675C6D0C5}.Signed|Mixed Platforms.Build.0 = Release|Any CPU
		{45D49335-F50E-415F-AEEF-786675C6D0C5}.Signed|x86.ActiveCfg = Release|Any CPU
		{45D49335-F50E-415F-AEEF-786675C6D0C5}.Signed|x86.Build.0 = Release|Any CPU
		{5ABC81DE-7225-41EF-B058-55B3FB939D9A}.Debug|Any CPU.ActiveCfg = Debug|Any CPU
		{5ABC81DE-7225-41EF-B058-55B3FB939D9A}.Debug|Any CPU.Build.0 = Debug|Any CPU
		{5ABC81DE-7225-41EF-B058-55B3FB939D9A}.Debug|Mixed Platforms.ActiveCfg = Debug|Any CPU
		{5ABC81DE-7225-41EF-B058-55B3FB939D9A}.Debug|Mixed Platforms.Build.0 = Debug|Any CPU
		{5ABC81DE-7225-41EF-B058-55B3FB939D9A}.Debug|x86.ActiveCfg = Debug|Any CPU
		{5ABC81DE-7225-41EF-B058-55B3FB939D9A}.Release|Any CPU.ActiveCfg = Release|Any CPU
		{5ABC81DE-7225-41EF-B058-55B3FB939D9A}.Release|Any CPU.Build.0 = Release|Any CPU
		{5ABC81DE-7225-41EF-B058-55B3FB939D9A}.Release|Mixed Platforms.ActiveCfg = Release|Any CPU
		{5ABC81DE-7225-41EF-B058-55B3FB939D9A}.Release|Mixed Platforms.Build.0 = Release|Any CPU
		{5ABC81DE-7225-41EF-B058-55B3FB939D9A}.Release|x86.ActiveCfg = Release|Any CPU
		{5ABC81DE-7225-41EF-B058-55B3FB939D9A}.Signed|Any CPU.ActiveCfg = Release|Any CPU
		{5ABC81DE-7225-41EF-B058-55B3FB939D9A}.Signed|Any CPU.Build.0 = Release|Any CPU
		{5ABC81DE-7225-41EF-B058-55B3FB939D9A}.Signed|Mixed Platforms.ActiveCfg = Release|Any CPU
		{5ABC81DE-7225-41EF-B058-55B3FB939D9A}.Signed|Mixed Platforms.Build.0 = Release|Any CPU
		{5ABC81DE-7225-41EF-B058-55B3FB939D9A}.Signed|x86.ActiveCfg = Release|Any CPU
		{5ABC81DE-7225-41EF-B058-55B3FB939D9A}.Signed|x86.Build.0 = Release|Any CPU
		{4DB0199C-101F-41BB-BB30-2D7BC8992D78}.Debug|Any CPU.ActiveCfg = Debug|Any CPU
		{4DB0199C-101F-41BB-BB30-2D7BC8992D78}.Debug|Any CPU.Build.0 = Debug|Any CPU
		{4DB0199C-101F-41BB-BB30-2D7BC8992D78}.Debug|Mixed Platforms.ActiveCfg = Debug|Any CPU
		{4DB0199C-101F-41BB-BB30-2D7BC8992D78}.Debug|Mixed Platforms.Build.0 = Debug|Any CPU
		{4DB0199C-101F-41BB-BB30-2D7BC8992D78}.Debug|x86.ActiveCfg = Debug|Any CPU
		{4DB0199C-101F-41BB-BB30-2D7BC8992D78}.Release|Any CPU.ActiveCfg = Release|Any CPU
		{4DB0199C-101F-41BB-BB30-2D7BC8992D78}.Release|Any CPU.Build.0 = Release|Any CPU
		{4DB0199C-101F-41BB-BB30-2D7BC8992D78}.Release|Mixed Platforms.ActiveCfg = Release|Any CPU
		{4DB0199C-101F-41BB-BB30-2D7BC8992D78}.Release|Mixed Platforms.Build.0 = Release|Any CPU
		{4DB0199C-101F-41BB-BB30-2D7BC8992D78}.Release|x86.ActiveCfg = Release|Any CPU
		{4DB0199C-101F-41BB-BB30-2D7BC8992D78}.Signed|Any CPU.ActiveCfg = Release|Any CPU
		{4DB0199C-101F-41BB-BB30-2D7BC8992D78}.Signed|Any CPU.Build.0 = Release|Any CPU
		{4DB0199C-101F-41BB-BB30-2D7BC8992D78}.Signed|Mixed Platforms.ActiveCfg = Release|Any CPU
		{4DB0199C-101F-41BB-BB30-2D7BC8992D78}.Signed|Mixed Platforms.Build.0 = Release|Any CPU
		{4DB0199C-101F-41BB-BB30-2D7BC8992D78}.Signed|x86.ActiveCfg = Release|Any CPU
		{4DB0199C-101F-41BB-BB30-2D7BC8992D78}.Signed|x86.Build.0 = Release|Any CPU
		{25649F08-3046-4891-ADB8-7EA787B57063}.Debug|Any CPU.ActiveCfg = Debug|Any CPU
		{25649F08-3046-4891-ADB8-7EA787B57063}.Debug|Any CPU.Build.0 = Debug|Any CPU
		{25649F08-3046-4891-ADB8-7EA787B57063}.Debug|Mixed Platforms.ActiveCfg = Debug|Any CPU
		{25649F08-3046-4891-ADB8-7EA787B57063}.Debug|Mixed Platforms.Build.0 = Debug|Any CPU
		{25649F08-3046-4891-ADB8-7EA787B57063}.Debug|x86.ActiveCfg = Debug|Any CPU
		{25649F08-3046-4891-ADB8-7EA787B57063}.Debug|x86.Build.0 = Debug|Any CPU
		{25649F08-3046-4891-ADB8-7EA787B57063}.Release|Any CPU.ActiveCfg = Release|Any CPU
		{25649F08-3046-4891-ADB8-7EA787B57063}.Release|Any CPU.Build.0 = Release|Any CPU
		{25649F08-3046-4891-ADB8-7EA787B57063}.Release|Mixed Platforms.ActiveCfg = Release|Any CPU
		{25649F08-3046-4891-ADB8-7EA787B57063}.Release|Mixed Platforms.Build.0 = Release|Any CPU
		{25649F08-3046-4891-ADB8-7EA787B57063}.Release|x86.ActiveCfg = Release|Any CPU
		{25649F08-3046-4891-ADB8-7EA787B57063}.Release|x86.Build.0 = Release|Any CPU
		{25649F08-3046-4891-ADB8-7EA787B57063}.Signed|Any CPU.ActiveCfg = Release|Any CPU
		{25649F08-3046-4891-ADB8-7EA787B57063}.Signed|Any CPU.Build.0 = Release|Any CPU
		{25649F08-3046-4891-ADB8-7EA787B57063}.Signed|Mixed Platforms.ActiveCfg = Release|Any CPU
		{25649F08-3046-4891-ADB8-7EA787B57063}.Signed|Mixed Platforms.Build.0 = Release|Any CPU
		{25649F08-3046-4891-ADB8-7EA787B57063}.Signed|x86.ActiveCfg = Release|Any CPU
		{25649F08-3046-4891-ADB8-7EA787B57063}.Signed|x86.Build.0 = Release|Any CPU
		{B0789BB1-F4B6-402E-BA90-B67A86440010}.Debug|Any CPU.ActiveCfg = Debug|Any CPU
		{B0789BB1-F4B6-402E-BA90-B67A86440010}.Debug|Any CPU.Build.0 = Debug|Any CPU
		{B0789BB1-F4B6-402E-BA90-B67A86440010}.Debug|Mixed Platforms.ActiveCfg = Debug|Any CPU
		{B0789BB1-F4B6-402E-BA90-B67A86440010}.Debug|Mixed Platforms.Build.0 = Debug|Any CPU
		{B0789BB1-F4B6-402E-BA90-B67A86440010}.Debug|x86.ActiveCfg = Debug|Any CPU
		{B0789BB1-F4B6-402E-BA90-B67A86440010}.Debug|x86.Build.0 = Debug|Any CPU
		{B0789BB1-F4B6-402E-BA90-B67A86440010}.Release|Any CPU.ActiveCfg = Release|Any CPU
		{B0789BB1-F4B6-402E-BA90-B67A86440010}.Release|Any CPU.Build.0 = Release|Any CPU
		{B0789BB1-F4B6-402E-BA90-B67A86440010}.Release|Mixed Platforms.ActiveCfg = Release|Any CPU
		{B0789BB1-F4B6-402E-BA90-B67A86440010}.Release|Mixed Platforms.Build.0 = Release|Any CPU
		{B0789BB1-F4B6-402E-BA90-B67A86440010}.Release|x86.ActiveCfg = Release|Any CPU
		{B0789BB1-F4B6-402E-BA90-B67A86440010}.Release|x86.Build.0 = Release|Any CPU
		{B0789BB1-F4B6-402E-BA90-B67A86440010}.Signed|Any CPU.ActiveCfg = Release|Any CPU
		{B0789BB1-F4B6-402E-BA90-B67A86440010}.Signed|Any CPU.Build.0 = Release|Any CPU
		{B0789BB1-F4B6-402E-BA90-B67A86440010}.Signed|Mixed Platforms.ActiveCfg = Release|Any CPU
		{B0789BB1-F4B6-402E-BA90-B67A86440010}.Signed|Mixed Platforms.Build.0 = Release|Any CPU
		{B0789BB1-F4B6-402E-BA90-B67A86440010}.Signed|x86.ActiveCfg = Release|Any CPU
		{B0789BB1-F4B6-402E-BA90-B67A86440010}.Signed|x86.Build.0 = Release|Any CPU
		{9F6F85D7-48D0-485F-878A-3DDB27F01320}.Debug|Any CPU.ActiveCfg = Debug|Any CPU
		{9F6F85D7-48D0-485F-878A-3DDB27F01320}.Debug|Any CPU.Build.0 = Debug|Any CPU
		{9F6F85D7-48D0-485F-878A-3DDB27F01320}.Debug|Mixed Platforms.ActiveCfg = Debug|Any CPU
		{9F6F85D7-48D0-485F-878A-3DDB27F01320}.Debug|Mixed Platforms.Build.0 = Debug|Any CPU
		{9F6F85D7-48D0-485F-878A-3DDB27F01320}.Debug|x86.ActiveCfg = Debug|Any CPU
		{9F6F85D7-48D0-485F-878A-3DDB27F01320}.Debug|x86.Build.0 = Debug|Any CPU
		{9F6F85D7-48D0-485F-878A-3DDB27F01320}.Release|Any CPU.ActiveCfg = Release|Any CPU
		{9F6F85D7-48D0-485F-878A-3DDB27F01320}.Release|Any CPU.Build.0 = Release|Any CPU
		{9F6F85D7-48D0-485F-878A-3DDB27F01320}.Release|Mixed Platforms.ActiveCfg = Release|Any CPU
		{9F6F85D7-48D0-485F-878A-3DDB27F01320}.Release|Mixed Platforms.Build.0 = Release|Any CPU
		{9F6F85D7-48D0-485F-878A-3DDB27F01320}.Release|x86.ActiveCfg = Release|Any CPU
		{9F6F85D7-48D0-485F-878A-3DDB27F01320}.Release|x86.Build.0 = Release|Any CPU
		{9F6F85D7-48D0-485F-878A-3DDB27F01320}.Signed|Any CPU.ActiveCfg = Release|Any CPU
		{9F6F85D7-48D0-485F-878A-3DDB27F01320}.Signed|Any CPU.Build.0 = Release|Any CPU
		{9F6F85D7-48D0-485F-878A-3DDB27F01320}.Signed|Mixed Platforms.ActiveCfg = Release|Any CPU
		{9F6F85D7-48D0-485F-878A-3DDB27F01320}.Signed|Mixed Platforms.Build.0 = Release|Any CPU
		{9F6F85D7-48D0-485F-878A-3DDB27F01320}.Signed|x86.ActiveCfg = Release|Any CPU
		{9F6F85D7-48D0-485F-878A-3DDB27F01320}.Signed|x86.Build.0 = Release|Any CPU
		{E77BAC61-9586-456F-9C46-90AA09EE9C7D}.Debug|Any CPU.ActiveCfg = Debug|Any CPU
		{E77BAC61-9586-456F-9C46-90AA09EE9C7D}.Debug|Any CPU.Build.0 = Debug|Any CPU
		{E77BAC61-9586-456F-9C46-90AA09EE9C7D}.Debug|Mixed Platforms.ActiveCfg = Debug|Any CPU
		{E77BAC61-9586-456F-9C46-90AA09EE9C7D}.Debug|Mixed Platforms.Build.0 = Debug|Any CPU
		{E77BAC61-9586-456F-9C46-90AA09EE9C7D}.Debug|x86.ActiveCfg = Debug|Any CPU
		{E77BAC61-9586-456F-9C46-90AA09EE9C7D}.Debug|x86.Build.0 = Debug|Any CPU
		{E77BAC61-9586-456F-9C46-90AA09EE9C7D}.Release|Any CPU.ActiveCfg = Release|Any CPU
		{E77BAC61-9586-456F-9C46-90AA09EE9C7D}.Release|Any CPU.Build.0 = Release|Any CPU
		{E77BAC61-9586-456F-9C46-90AA09EE9C7D}.Release|Mixed Platforms.ActiveCfg = Release|Any CPU
		{E77BAC61-9586-456F-9C46-90AA09EE9C7D}.Release|Mixed Platforms.Build.0 = Release|Any CPU
		{E77BAC61-9586-456F-9C46-90AA09EE9C7D}.Release|x86.ActiveCfg = Release|Any CPU
		{E77BAC61-9586-456F-9C46-90AA09EE9C7D}.Release|x86.Build.0 = Release|Any CPU
		{E77BAC61-9586-456F-9C46-90AA09EE9C7D}.Signed|Any CPU.ActiveCfg = Release|Any CPU
		{E77BAC61-9586-456F-9C46-90AA09EE9C7D}.Signed|Any CPU.Build.0 = Release|Any CPU
		{E77BAC61-9586-456F-9C46-90AA09EE9C7D}.Signed|Mixed Platforms.ActiveCfg = Release|Any CPU
		{E77BAC61-9586-456F-9C46-90AA09EE9C7D}.Signed|Mixed Platforms.Build.0 = Release|Any CPU
		{E77BAC61-9586-456F-9C46-90AA09EE9C7D}.Signed|x86.ActiveCfg = Release|Any CPU
		{E77BAC61-9586-456F-9C46-90AA09EE9C7D}.Signed|x86.Build.0 = Release|Any CPU
		{AB41E080-4AC5-4C66-9F26-7E2CDF455ECB}.Debug|Any CPU.ActiveCfg = Debug|Any CPU
		{AB41E080-4AC5-4C66-9F26-7E2CDF455ECB}.Debug|Any CPU.Build.0 = Debug|Any CPU
		{AB41E080-4AC5-4C66-9F26-7E2CDF455ECB}.Debug|Mixed Platforms.ActiveCfg = Debug|Any CPU
		{AB41E080-4AC5-4C66-9F26-7E2CDF455ECB}.Debug|Mixed Platforms.Build.0 = Debug|Any CPU
		{AB41E080-4AC5-4C66-9F26-7E2CDF455ECB}.Debug|x86.ActiveCfg = Debug|Any CPU
		{AB41E080-4AC5-4C66-9F26-7E2CDF455ECB}.Debug|x86.Build.0 = Debug|Any CPU
		{AB41E080-4AC5-4C66-9F26-7E2CDF455ECB}.Release|Any CPU.ActiveCfg = Release|Any CPU
		{AB41E080-4AC5-4C66-9F26-7E2CDF455ECB}.Release|Any CPU.Build.0 = Release|Any CPU
		{AB41E080-4AC5-4C66-9F26-7E2CDF455ECB}.Release|Mixed Platforms.ActiveCfg = Release|Any CPU
		{AB41E080-4AC5-4C66-9F26-7E2CDF455ECB}.Release|Mixed Platforms.Build.0 = Release|Any CPU
		{AB41E080-4AC5-4C66-9F26-7E2CDF455ECB}.Release|x86.ActiveCfg = Release|Any CPU
		{AB41E080-4AC5-4C66-9F26-7E2CDF455ECB}.Release|x86.Build.0 = Release|Any CPU
		{AB41E080-4AC5-4C66-9F26-7E2CDF455ECB}.Signed|Any CPU.ActiveCfg = Release|Any CPU
		{AB41E080-4AC5-4C66-9F26-7E2CDF455ECB}.Signed|Any CPU.Build.0 = Release|Any CPU
		{AB41E080-4AC5-4C66-9F26-7E2CDF455ECB}.Signed|Mixed Platforms.ActiveCfg = Release|Any CPU
		{AB41E080-4AC5-4C66-9F26-7E2CDF455ECB}.Signed|Mixed Platforms.Build.0 = Release|Any CPU
		{AB41E080-4AC5-4C66-9F26-7E2CDF455ECB}.Signed|x86.ActiveCfg = Release|Any CPU
		{AB41E080-4AC5-4C66-9F26-7E2CDF455ECB}.Signed|x86.Build.0 = Release|Any CPU
		{A949F9E8-FFAC-4EEA-A641-CE3A50CC2816}.Debug|Any CPU.ActiveCfg = Debug|Any CPU
		{A949F9E8-FFAC-4EEA-A641-CE3A50CC2816}.Debug|Any CPU.Build.0 = Debug|Any CPU
		{A949F9E8-FFAC-4EEA-A641-CE3A50CC2816}.Debug|Mixed Platforms.ActiveCfg = Debug|Any CPU
		{A949F9E8-FFAC-4EEA-A641-CE3A50CC2816}.Debug|Mixed Platforms.Build.0 = Debug|Any CPU
		{A949F9E8-FFAC-4EEA-A641-CE3A50CC2816}.Debug|x86.ActiveCfg = Debug|Any CPU
		{A949F9E8-FFAC-4EEA-A641-CE3A50CC2816}.Debug|x86.Build.0 = Debug|Any CPU
		{A949F9E8-FFAC-4EEA-A641-CE3A50CC2816}.Release|Any CPU.ActiveCfg = Release|Any CPU
		{A949F9E8-FFAC-4EEA-A641-CE3A50CC2816}.Release|Any CPU.Build.0 = Release|Any CPU
		{A949F9E8-FFAC-4EEA-A641-CE3A50CC2816}.Release|Mixed Platforms.ActiveCfg = Release|Any CPU
		{A949F9E8-FFAC-4EEA-A641-CE3A50CC2816}.Release|Mixed Platforms.Build.0 = Release|Any CPU
		{A949F9E8-FFAC-4EEA-A641-CE3A50CC2816}.Release|x86.ActiveCfg = Release|Any CPU
		{A949F9E8-FFAC-4EEA-A641-CE3A50CC2816}.Release|x86.Build.0 = Release|Any CPU
		{A949F9E8-FFAC-4EEA-A641-CE3A50CC2816}.Signed|Any CPU.ActiveCfg = Release|Any CPU
		{A949F9E8-FFAC-4EEA-A641-CE3A50CC2816}.Signed|Any CPU.Build.0 = Release|Any CPU
		{A949F9E8-FFAC-4EEA-A641-CE3A50CC2816}.Signed|Mixed Platforms.ActiveCfg = Release|Any CPU
		{A949F9E8-FFAC-4EEA-A641-CE3A50CC2816}.Signed|Mixed Platforms.Build.0 = Release|Any CPU
		{A949F9E8-FFAC-4EEA-A641-CE3A50CC2816}.Signed|x86.ActiveCfg = Release|Any CPU
		{A949F9E8-FFAC-4EEA-A641-CE3A50CC2816}.Signed|x86.Build.0 = Release|Any CPU
	EndGlobalSection
	GlobalSection(SolutionProperties) = preSolution
		HideSolutionNode = FALSE
	EndGlobalSection
	GlobalSection(SubversionScc) = preSolution
		Svn-Managed = True
		Manager = AnkhSVN - Subversion Support for Visual Studio
	EndGlobalSection
EndGlobal
